
Microsoft Visual Studio Solution File, Format Version 12.00
# Visual Studio Version 17
VisualStudioVersion = 17.5.33530.505
MinimumVisualStudioVersion = 10.0.40219.1
Project("{FAE04EC0-301F-11D3-BF4B-00C04F79EFBC}") = "Ejercicios de While", "Ejercicios de While\Ejercicios de While.csproj", "{CF21CA33-ED33-4ADE-A432-1AEE568B2E31}"
EndProject
Global
	GlobalSection(SolutionConfigurationPlatforms) = preSolution
		Debug|Any CPU = Debug|Any CPU
		Release|Any CPU = Release|Any CPU
	EndGlobalSection
	GlobalSection(ProjectConfigurationPlatforms) = postSolution
		{CF21CA33-ED33-4ADE-A432-1AEE568B2E31}.Debug|Any CPU.ActiveCfg = Debug|Any CPU
		{CF21CA33-ED33-4ADE-A432-1AEE568B2E31}.Debug|Any CPU.Build.0 = Debug|Any CPU
		{CF21CA33-ED33-4ADE-A432-1AEE568B2E31}.Release|Any CPU.ActiveCfg = Release|Any CPU
		{CF21CA33-ED33-4ADE-A432-1AEE568B2E31}.Release|Any CPU.Build.0 = Release|Any CPU
	EndGlobalSection
	GlobalSection(SolutionProperties) = preSolution
		HideSolutionNode = FALSE
	EndGlobalSection
	GlobalSection(ExtensibilityGlobals) = postSolution
		SolutionGuid = {D5661318-E8E7-40E4-AC32-3DD97BE339F2}
	EndGlobalSection
EndGlobal
